
Microsoft Visual Studio Solution File, Format Version 12.00
# Visual Studio Version 17
VisualStudioVersion = 17.0.31903.59
MinimumVisualStudioVersion = 10.0.40219.1
Project("{FAE04EC0-301F-11D3-BF4B-00C04F79EFBC}") = "Truestory.WebApi", "Truestory.WebApi\Truestory.WebApi.csproj", "{A72B08C2-F0D2-4A3A-A595-355F092D844D}"
EndProject
Project("{FAE04EC0-301F-11D3-BF4B-00C04F79EFBC}") = "Truestory.Core", "Truestory.Core\Truestory.Core.csproj", "{DF0B7185-6D37-4495-B22A-0EC3BE78D8E8}"
EndProject
Project("{FAE04EC0-301F-11D3-BF4B-00C04F79EFBC}") = "Truestory.Frontend", "Truestory.Frontend\Truestory.Frontend.csproj", "{D9C52077-E166-4C76-B0EB-5D04F9280CC2}"
EndProject
Global
	GlobalSection(SolutionConfigurationPlatforms) = preSolution
		Debug|Any CPU = Debug|Any CPU
		Release|Any CPU = Release|Any CPU
	EndGlobalSection
	GlobalSection(SolutionProperties) = preSolution
		HideSolutionNode = FALSE
	EndGlobalSection
	GlobalSection(ProjectConfigurationPlatforms) = postSolution
		{A72B08C2-F0D2-4A3A-A595-355F092D844D}.Debug|Any CPU.ActiveCfg = Debug|Any CPU
		{A72B08C2-F0D2-4A3A-A595-355F092D844D}.Debug|Any CPU.Build.0 = Debug|Any CPU
		{A72B08C2-F0D2-4A3A-A595-355F092D844D}.Release|Any CPU.ActiveCfg = Release|Any CPU
		{A72B08C2-F0D2-4A3A-A595-355F092D844D}.Release|Any CPU.Build.0 = Release|Any CPU
		{DF0B7185-6D37-4495-B22A-0EC3BE78D8E8}.Debug|Any CPU.ActiveCfg = Debug|Any CPU
		{DF0B7185-6D37-4495-B22A-0EC3BE78D8E8}.Debug|Any CPU.Build.0 = Debug|Any CPU
		{DF0B7185-6D37-4495-B22A-0EC3BE78D8E8}.Release|Any CPU.ActiveCfg = Release|Any CPU
		{DF0B7185-6D37-4495-B22A-0EC3BE78D8E8}.Release|Any CPU.Build.0 = Release|Any CPU
		{D9C52077-E166-4C76-B0EB-5D04F9280CC2}.Debug|Any CPU.ActiveCfg = Debug|Any CPU
		{D9C52077-E166-4C76-B0EB-5D04F9280CC2}.Debug|Any CPU.Build.0 = Debug|Any CPU
		{D9C52077-E166-4C76-B0EB-5D04F9280CC2}.Release|Any CPU.ActiveCfg = Release|Any CPU
		{D9C52077-E166-4C76-B0EB-5D04F9280CC2}.Release|Any CPU.Build.0 = Release|Any CPU
	EndGlobalSection
EndGlobal
